
Microsoft Visual Studio Solution File, Format Version 12.00
# Visual Studio Version 16
VisualStudioVersion = 16.0.29306.81
MinimumVisualStudioVersion = 10.0.40219.1
Project("{FAE04EC0-301F-11D3-BF4B-00C04F79EFBC}") = "WeightCalculator", "WeightCalculator\WeightCalculator.csproj", "{DC1E562C-9E1A-440D-AA1E-71D8E62482DA}"
EndProject
Global
	GlobalSection(SolutionConfigurationPlatforms) = preSolution
		Debug|Any CPU = Debug|Any CPU
		Release|Any CPU = Release|Any CPU
	EndGlobalSection
	GlobalSection(ProjectConfigurationPlatforms) = postSolution
		{DC1E562C-9E1A-440D-AA1E-71D8E62482DA}.Debug|Any CPU.ActiveCfg = Debug|Any CPU
		{DC1E562C-9E1A-440D-AA1E-71D8E62482DA}.Debug|Any CPU.Build.0 = Debug|Any CPU
		{DC1E562C-9E1A-440D-AA1E-71D8E62482DA}.Release|Any CPU.ActiveCfg = Release|Any CPU
		{DC1E562C-9E1A-440D-AA1E-71D8E62482DA}.Release|Any CPU.Build.0 = Release|Any CPU
	EndGlobalSection
	GlobalSection(SolutionProperties) = preSolution
		HideSolutionNode = FALSE
	EndGlobalSection
	GlobalSection(ExtensibilityGlobals) = postSolution
		SolutionGuid = {406F52DD-E11B-4077-AAF0-01BB8E34CF9E}
	EndGlobalSection
EndGlobal
